
Microsoft Visual Studio Solution File, Format Version 12.00
# Visual Studio Version 17
VisualStudioVersion = 17.3.32922.545
MinimumVisualStudioVersion = 10.0.40219.1
Project("{FAE04EC0-301F-11D3-BF4B-00C04F79EFBC}") = "CafeManagementSystem", "CafeManagementSystem\CafeManagementSystem.csproj", "{A60CBC96-02AC-4A56-8CCE-8C5E8F749507}"
EndProject
Global
	GlobalSection(SolutionConfigurationPlatforms) = preSolution
		Debug|Any CPU = Debug|Any CPU
		Release|Any CPU = Release|Any CPU
	EndGlobalSection
	GlobalSection(ProjectConfigurationPlatforms) = postSolution
		{A60CBC96-02AC-4A56-8CCE-8C5E8F749507}.Debug|Any CPU.ActiveCfg = Debug|Any CPU
		{A60CBC96-02AC-4A56-8CCE-8C5E8F749507}.Debug|Any CPU.Build.0 = Debug|Any CPU
		{A60CBC96-02AC-4A56-8CCE-8C5E8F749507}.Release|Any CPU.ActiveCfg = Release|Any CPU
		{A60CBC96-02AC-4A56-8CCE-8C5E8F749507}.Release|Any CPU.Build.0 = Release|Any CPU
	EndGlobalSection
	GlobalSection(SolutionProperties) = preSolution
		HideSolutionNode = FALSE
	EndGlobalSection
	GlobalSection(ExtensibilityGlobals) = postSolution
		SolutionGuid = {703221CD-A64C-4B10-BE78-8D612C9BB3C1}
	EndGlobalSection
EndGlobal
